crawshaw.io/littleboss v0.0.0-20190317185602-8957d0aedcce/go.mod h1:TIbCAHgttUfOKudw59Il7Z0XIlitzo228/mtwMe4vPM=
github.com/BurntSushi/toml v0.3.1/go.mod h1:xHWCNGjB5oqiDr8zfno3MHue2Ht5sIBksp03qcyfWMU=
github.com/armon/go-socks5 v0.0.0-20160902184237-e75332964ef5/go.mod h1:wHh0iHkYZB8zMSxRWpUBQtwG5a7fFgvEO+odwuTv2gs=
github.com/bmizerany/assert v0.0.0-20160611221934-b7ed37b82869 h1:DDGfHa7BWjL4YnC6+E63dPcxHo2sUxDIu8g3QgEJdRY=
github.com/bmizerany/assert v0.0.0-20160611221934-b7ed37b82869/go.mod h1:Ekp36dRnpXw/yCqJaO+ZrUyxD+3VXMFFr56k5XYrpB4=
github.com/boj/redistore v0.0.0-20180917114910-cd5dcc76aeff/go.mod h1:+RTT1BOk5P97fT2CiHkbFQwkK3mjsFAP6zCYV2aXtjw=
github.com/boltdb/bolt v1.3.1/go.mod h1:clJnj/oiGkjum5o1McbSZDSLxVThjynRyGBgiAx27Ps=
github.com/boreq/friendlyhash v0.0.0-20190522010448-1ca64b3ca69e h1:2q8XPjAYhXX8H71AoAPdgBrCUA3HPhC4ax8XHrTsY6I=
github.com/boreq/friendlyhash v0.0.0-20190522010448-1ca64b3ca69e/go.mod h1:y80zLCg0QS5u3fJKeF2rwpezcyZuCpZpbFcWv6Pn98w=
github.com/bradfitz/gomemcache v0.0.0-20190329173943-551aad21a668/go.mod h1:H0wQNHz2YrLsuXOZozoeDmnHXkNCRmMW0gwFWDfEZDA=
github.com/bradleypeabody/gorilla-sessions-memcache v0.0.0-20181103040241-659414f458e1/go.mod h1:dkChI7Tbtx7H1Tj7TqGSZMOeGpMP5gLHtjroHd4agiI=
github.com/creack/pty v1.1.7/go.mod h1:lj5s0c3V2DBrqTV7llrYr5NG6My20zk30Fl46Y7DoTY=
github.com/cryptix/go v1.3.1/go.mod h1:mFQotm9rTzptzvNjJM+1vSIDa/rVOVqMu0889GIXg70=
github.com/cryptix/goSam v0.1.0/go.mod h1:7ewkjhXT8V5RG07pvWUOHHtMahvGbeKlEv8ukUyRiTA=
github.com/d5/tengo v1.24.3/go.mod h1:VhLq8Q2QFhCIJO3NhvM934qOThykMqJi9y9Siqd1ocQ=
github.com/danielheath/gin-teeny-security v0.0.0-20180331042316-bb11804dd0e2 h1:OU8xbewlvG+K/mPYGshgkSDJZugXeV4cvlI8r02a58o=
github.com/danielheath/gin-teeny-security v0.0.0-20180331042316-bb11804dd0e2/go.mod h1:iufTPweOVe3TKbMOYF0OyJ5iM4pdK/D9F9dIQoQC4IE=
github.com/davecgh/go-spew v1.1.0/go.mod h1:J7Y8YcW2NihsgmVo/mv3lAwl/skON4iLHjSsI+c5H38=
github.com/davecgh/go-spew v1.1.1/go.mod h1:J7Y8YcW2NihsgmVo/mv3lAwl/skON4iLHjSsI+c5H38=
github.com/eyedeekay/eephttpd v0.0.0-20190903000420-52f5a8485a4e/go.mod h1:wFPQsNBnY95LkuujFEZARo7slafRwoF0D97FFHBoZro=
github.com/eyedeekay/goSam v0.1.1-0.20190814204230-d4c9b8c57dd6/go.mod h1:kGTfZrncJ4CwMX3d1qA6bcMJTOcuTbOqgWg7WrFNAQ0=
github.com/eyedeekay/httptunnel v0.0.0-20190814204746-0081636585cd/go.mod h1:fD9CRejMpwLs7GC4mu5re58JInU/8Foi3b4hn0NT0a4=
github.com/eyedeekay/httptunnel v0.0.0-20190831065052-9eab288b8a82/go.mod h1:VeXBZz04xj4eUGAcD8ygn2WFxY/dAvRbSNYMWoDzMxc=
github.com/eyedeekay/httptunnel v0.0.0-20190831071439-0ff3d5f798fb/go.mod h1:SnCAM9CskhwSFkzDfh+H5yNTbvhcTeKekkuX0ejCcSk=
github.com/eyedeekay/i2pdig v0.0.0-20180718204453-a67cb46e2e5f/go.mod h1:Zp2JSsndmRykjDGbNS5QHnCYCLnOeYFvwuZFwsATz8k=
github.com/eyedeekay/outproxy v0.0.0-20190908174238-22bd71d43733/go.mod h1:jUBr6XRbiuUBe/sSbVdO5upU4mp8842bdpXDsQY54Rc=
github.com/eyedeekay/portcheck v0.0.0-20190218044454-bb8718669680/go.mod h1:8VVIH19/CU2VFJB8P6e58Mo9nvDqqKgllS0oQY3F83U=
github.com/eyedeekay/ramp v0.0.0-20190429201811-305b382042ab h1:EfTRHxGSbiaEyxNzvKRBWVIDw3mD8xXGxj4gvwFzY7Q=
github.com/eyedeekay/ramp v0.0.0-20190429201811-305b382042ab/go.mod h1:h7mvUAMgZ/rtRDUOkvKTK+8LnDMeUhJSoa5EPdB51fc=
github.com/eyedeekay/sam-forwarder v0.0.0-20190814201550-7c0d7cb0d56c/go.mod h1:Ptrm1d4a3KC5/cN264Gn6OntYOmcuJ8Pkyd7+hA01gw=
github.com/eyedeekay/sam-forwarder v0.0.0-20190831071254-d67c0c0e311f/go.mod h1:u4K8aGwSIuMSQ/OzsH7zkshnEvCQgUupfexLXZIjsDI=
github.com/eyedeekay/sam-forwarder v0.0.0-20190905212604-029317222e15/go.mod h1:kFP6jkqHUTGGW/nMUZLnRonkPWE9fyEc8/eSU1CqTFg=
github.com/eyedeekay/sam-forwarder v0.32.0 h1:PxdqMC37rLU76F/NVUwN1706Qsb/9za2viCkaoiZy8M=
github.com/eyedeekay/sam-forwarder v0.32.0/go.mod h1:mU4OYDLUGupVLIH+P+RYc1QnwI/PVyB4VPtpckppxsw=
github.com/eyedeekay/sam-forwarder v0.32.1-0.20190928041036-d2f767dbe008 h1:v7kHjRGYyK+X13HSDGqLOkY/tFCoMRihJzq78XDAJSY=
github.com/eyedeekay/sam-forwarder v0.32.1-0.20190928041036-d2f767dbe008/go.mod h1:G4w9flJ+VSyuRDfwk8OyPlIayIyGX85km3c993isqgQ=
github.com/eyedeekay/sam3 v0.0.0-20190613034117-99ad6522ebe3/go.mod h1:Vrxh+71E3HVYqyRlT5Jg+E26sSuu8UNTLB4p8qyT408=
github.com/eyedeekay/sam3 v0.0.0-20190730185140-f8d54526ea25 h1:tlVdqLWbZmlZHAUBHB/8jyQPu8VKD0bDXTtGYTESOEg=
github.com/eyedeekay/sam3 v0.0.0-20190730185140-f8d54526ea25/go.mod h1:Y3igFVzN4ybqkkpfUWULGhw7WRp8lieq0ORXbLBbcZM=
github.com/eyedeekay/sam3 v0.0.0-20191022062657-a12f9ba498dd h1:gzZqcALxRLDdlKjSEarPOVYxI9kk7BY3jkE7fT1YPss=
github.com/eyedeekay/sam3 v0.0.0-20191022062657-a12f9ba498dd/go.mod h1:Y3igFVzN4ybqkkpfUWULGhw7WRp8lieq0ORXbLBbcZM=
github.com/gin-contrib/multitemplate v0.0.0-20190528082104-30e424939505 h1:ooJvd+PTXxaHDJBP++saAcxinwBbOW/YJR7N4/Twbfk=
github.com/gin-contrib/multitemplate v0.0.0-20190528082104-30e424939505/go.mod h1:2tmLQ8sVzr2XKwquGd7zNq3zB6fGyjJL+47JoxoF8yM=
github.com/gin-contrib/multitemplate v0.0.0-20190914010127-bba2ccfe37ec h1:mfeHJfPwsXp/iovjrTwxtkTMRAIXZu6Uxg6O95En1+Y=
github.com/gin-contrib/multitemplate v0.0.0-20190914010127-bba2ccfe37ec/go.mod h1:2tmLQ8sVzr2XKwquGd7zNq3zB6fGyjJL+47JoxoF8yM=
github.com/gin-contrib/sessions v0.0.0-20190512062852-3cb4c4f2d615 h1:2KRlm9Qh15+8BjkbOCcZtfC7aFVQd2mELjpHjrDmv1s=
github.com/gin-contrib/sessions v0.0.0-20190512062852-3cb4c4f2d615/go.mod h1:iziXm/6pvTtf7og1uxT499sel4h3S9DfwsrhNZ+REXM=
github.com/gin-contrib/sessions v0.0.1 h1:xr9V/u3ERQnkugKSY/u36cNnC4US4bHJpdxcB6eIZLk=
github.com/gin-contrib/sessions v0.0.1/go.mod h1:iziXm/6pvTtf7og1uxT499sel4h3S9DfwsrhNZ+REXM=
github.com/gin-contrib/sse v0.0.0-20190301062529-5545eab6dad3/go.mod h1:VJ0WA2NBN22VlZ2dKZQPAPnyWw5XTlK1KymzLKsr59s=
github.com/gin-contrib/sse v0.1.0 h1:Y/yl/+YNO8GZSjAhjMsSuLt29uWRFHdHYUb5lYOV9qE=
github.com/gin-contrib/sse v0.1.0/go.mod h1:RHrZQHXnP2xjPF+u1gW/2HnVO7nvIa9PG3Gm+fLHvGI=
github.com/gin-gonic/gin v1.4.0 h1:3tMoCCfM7ppqsR0ptz/wi1impNpT7/9wQtMZ8lr1mCQ=
github.com/gin-gonic/gin v1.4.0/go.mod h1:OW2EZn3DO8Ln9oIKOvM++LBO+5UPHJJDH72/q/3rZdM=
github.com/globalsign/mgo v0.0.0-20181015135952-eeefdecb41b8/go.mod h1:xkRDCp4j0OGD1HRkm4kmhM+pmpv3AKq5SU7GMg4oO/Q=
github.com/go-kit/kit v0.6.0/go.mod h1:xBxKIO96dXMWWy0MnWVtmwkA9/13aqxPnvrjFYMA2as=
github.com/go-logfmt/logfmt v0.3.0/go.mod h1:Qt1PoO58o5twSAckw1HlFXLmHsOX5/0LbT9GBnD5lWE=
github.com/go-stack/stack v1.7.0/go.mod h1:v0f6uXyyMGvRgIKkXu+yp6POWl0qKG85gN/melR3HDY=
github.com/golang/protobuf v1.3.1 h1:YF8+flBXS5eO826T4nzqPrxfhQThhXl0YzfuUPu4SBg=
github.com/golang/protobuf v1.3.1/go.mod h1:6lQm79b+lXiMfvg/cZm0SGofjICqVBUtrP5yJMmIC1U=
github.com/golang/protobuf v1.3.2 h1:6nsPYzhq5kReh6QImI3k5qWzO4PEbvbIW2cwSfR/6xs=
github.com/golang/protobuf v1.3.2/go.mod h1:6lQm79b+lXiMfvg/cZm0SGofjICqVBUtrP5yJMmIC1U=
github.com/gomodule/redigo v2.0.0+incompatible/go.mod h1:B4C85qUVwatsJoIUNIfCRsp7qO0iAmpGFZ4EELWSbC4=
github.com/google/gofuzz v1.0.0/go.mod h1:dBl0BpW6vV/+mYPU4Po3pmUjxk6FQPldtuIdl/M65Eg=
github.com/gorilla/context v1.1.1 h1:AWwleXJkX/nhcU9bZSnZoi3h/qGYqQAGhq6zZe/aQW8=
github.com/gorilla/context v1.1.1/go.mod h1:kBGZzfjB9CEq2AlWe17Uuf7NDRt0dE0s8S51q0aT7Yg=
github.com/gorilla/securecookie v1.1.1 h1:miw7JPhV+b/lAHSXz4qd/nN9jRiAFV5FwjeKyCS8BvQ=
github.com/gorilla/securecookie v1.1.1/go.mod h1:ra0sb63/xPlUeL+yeDciTfxMRAA+MP+HVt/4epWDjd4=
github.com/gorilla/sessions v1.1.1/go.mod h1:8KCfur6+4Mqcc6S0FEfKuN15Vl5MgXW92AE8ovaJD0w=
github.com/gorilla/sessions v1.1.3 h1:uXoZdcdA5XdXF3QzuSlheVRUvjl+1rKY7zBXL68L9RU=
github.com/gorilla/sessions v1.1.3/go.mod h1:8KCfur6+4Mqcc6S0FEfKuN15Vl5MgXW92AE8ovaJD0w=
github.com/gorilla/sessions v1.2.0 h1:S7P+1Hm5V/AT9cjEcUD5uDaQSX0OE577aCXgoaKpYbQ=
github.com/gorilla/sessions v1.2.0/go.mod h1:dk2InVEVJ0sfLlnXv9EAgkf6ecYs/i80K/zI+bUmuGM=
github.com/gtank/cryptopasta v0.0.0-20170601214702-1f550f6f2f69 h1:7xsUJsB2NrdcttQPa7JLEaGzvdbk7KvfrjgHZXOQRo0=
github.com/gtank/cryptopasta v0.0.0-20170601214702-1f550f6f2f69/go.mod h1:YLEMZOtU+AZ7dhN9T/IpGhXVGly2bvkJQ+zxj3WeVQo=
github.com/jcelliott/lumber v0.0.0-20160324203708-dd349441af25 h1:EFT6MH3igZK/dIVqgGbTqWVvkZ7wJ5iGN03SVtvvdd8=
github.com/jcelliott/lumber v0.0.0-20160324203708-dd349441af25/go.mod h1:sWkGw/wsaHtRsT9zGQ/WyJCotGWG/Anow/9hsAcBWRw=
github.com/json-iterator/go v1.1.6 h1:MrUvLMLTMxbqFJ9kzlvat/rYZqZnW3u4wkLzWTaFwKs=
github.com/json-iterator/go v1.1.6/go.mod h1:+SdeFBvtyEkXs7REEP0seUULqWtbJapLOCVDaaPEHmU=
github.com/json-iterator/go v1.1.8 h1:QiWkFLKq0T7mpzwOTu6BzNDbfTE8OLrYhVKYMLF46Ok=
github.com/json-iterator/go v1.1.8/go.mod h1:KdQUCv79m/52Kvf8AW2vK1V8akMuk1QjK/uOdHXbAo4=
github.com/justinas/nosurf v0.0.0-20190416172904-05988550ea18/go.mod h1:Aucr5I5chr4OCuuVB4LTuHVrKHBuyRSo7vM2hqrcb7E=
github.com/kidstuff/mongostore v0.0.0-20181113001930-e650cd85ee4b/go.mod h1:g2nVr8KZVXJSS97Jo8pJ0jgq29P6H7dG0oplUA86MQw=
github.com/kr/pretty v0.1.0 h1:L/CwN0zerZDmRFUapSPitk6f+Q3+0za1rQkzVuMiMFI=
github.com/kr/pretty v0.1.0/go.mod h1:dAy3ld7l9f0ibDNOQOHHMYYIIbhfbHSm3C4ZsoJORNo=
github.com/kr/pty v1.1.1/go.mod h1:pFQYn66WHrOpPYNljwOMqo10TkYh1fy3cYio2l3bCsQ=
github.com/kr/pty v1.1.8/go.mod h1:O1sed60cT9XZ5uDucP5qwvh+TE3NnUj51EiZO/lmSfw=
github.com/kr/text v0.1.0 h1:45sCR5RtlFHMR4UwH9sdQ5TC8v0qDQCHnXt+kaKSTVE=
github.com/kr/text v0.1.0/go.mod h1:4Jbv+DJW3UT/LiOwJeYQe1efqtUx/iVham/4vfdArNI=
github.com/mattn/go-isatty v0.0.7/go.mod h1:Iq45c/XA43vh69/j3iqttzPXn0bhXyGjM0Hdxcsrc5s=
github.com/mattn/go-isatty v0.0.8 h1:HLtExJ+uU2HOZ+wI0Tt5DtUDrx8yhUqDcp7fYERX4CE=
github.com/mattn/go-isatty v0.0.8/go.mod h1:Iq45c/XA43vh69/j3iqttzPXn0bhXyGjM0Hdxcsrc5s=
github.com/mattn/go-isatty v0.0.10 h1:qxFzApOv4WsAL965uUPIsXzAKCZxN2p9UqdhFS4ZW10=
github.com/mattn/go-isatty v0.0.10/go.mod h1:qgIWMr58cqv1PHHyhnkY9lrL7etaEgOFcMEpPG5Rm84=
github.com/memcachier/mc v2.0.1+incompatible/go.mod h1:7bkvFE61leUBvXz+yxsOnGBQSZpBSPIMUQSmmSHvuXc=
github.com/microcosm-cc/bluemonday v1.0.2 h1:5lPfLTTAvAbtS0VqT+94yOtFnGfUWYyx0+iToC3Os3s=
github.com/microcosm-cc/bluemonday v1.0.2/go.mod h1:iVP4YcDBq+n/5fb23BhYFvIMq/leAFZyRl6bYmGDlGc=
github.com/miolini/datacounter v0.0.0-20171104152933-fd4e42a1d5e0/go.mod h1:P6fDJzlxN+cWYR09KbE9/ta+Y6JofX9tAUhJpWkWPaM=
github.com/modern-go/concurrent v0.0.0-20180228061459-e0a39a4cb421/go.mod h1:6dJC0mAP4ikYIbvyc7fijjWJddQyLn8Ig3JB5CqoB9Q=
github.com/modern-go/concurrent v0.0.0-20180306012644-bacd9c7ef1dd h1:TRLaZ9cD/w8PVh93nsPXa1VrQ6jlwL5oN8l14QlcNfg=
github.com/modern-go/concurrent v0.0.0-20180306012644-bacd9c7ef1dd/go.mod h1:6dJC0mAP4ikYIbvyc7fijjWJddQyLn8Ig3JB5CqoB9Q=
github.com/modern-go/reflect2 v0.0.0-20180701023420-4b7aa43c6742/go.mod h1:bx2lNnkwVCuqBIxFjflWJWanXIb3RllmbCylyMrvgv0=
github.com/modern-go/reflect2 v1.0.1 h1:9f412s+6RmYXLWZSEzVVgPGK7C2PphHj5RJrvfx9AWI=
github.com/modern-go/reflect2 v1.0.1/go.mod h1:bx2lNnkwVCuqBIxFjflWJWanXIb3RllmbCylyMrvgv0=
github.com/pkg/errors v0.8.0/go.mod h1:bwawxfHBFNV+L2hUp1rHADufV3IMtnDRdf1r5NINEl0=
github.com/pmezard/go-difflib v1.0.0/go.mod h1:iKH77koFhYxTK1pcRnkKkqfTogsbg7gZNVY4sRDYZ/4=
github.com/quasoft/memstore v0.0.0-20180925164028-84a050167438/go.mod h1:wTPjTepVu7uJBYgZ0SdWHQlIas582j6cn2jgk4DDdlg=
github.com/russross/blackfriday v1.5.2 h1:HyvC0ARfnZBqnXwABFeSZHpKvJHJJfPz81GNueLj0oo=
github.com/russross/blackfriday v1.5.2/go.mod h1:JO/DiYxRf+HjHt06OyowR9PTA263kcR/rfWxYHBV53g=
github.com/russross/blackfriday v2.0.0+incompatible h1:cBXrhZNUf9C+La9/YpS+UHpUT8YD6Td9ZMSU9APFcsk=
github.com/russross/blackfriday v2.0.0+incompatible/go.mod h1:JO/DiYxRf+HjHt06OyowR9PTA263kcR/rfWxYHBV53g=
github.com/russross/blackfriday/v2 v2.0.1 h1:lPqVAte+HuHNfhJ/0LC98ESWRz8afy9tM/0RK8m9o+Q=
github.com/russross/blackfriday/v2 v2.0.1/go.mod h1:+Rmxgy9KzJVeS9/2gXHxylqXiyQDYRxCVz55jmeOWTM=
github.com/schollz/cowyo v1.1.3-0.20190706145739-a318863eca5e h1:b5eNgkyv5xaB0kEHnduFV9gJbbXRmgUq1jtlnPCS3d4=
github.com/schollz/cowyo v1.1.3-0.20190706145739-a318863eca5e/go.mod h1:M6cOXQ6atug3Q3OHuRBjDFHtEo761SQ1rN7WaOncJXw=
github.com/schollz/cowyo v2.11.0+incompatible h1:TkL+pH4VEeawqTCcmLavKI1pIQvsaLGCXGpVf83Lm+U=
github.com/schollz/cowyo v2.11.0+incompatible/go.mod h1:GWZu8JLS6XrjXwiM9XAJJV3e6NaSDf+HUPfuYXzQLao=
github.com/schollz/cowyo v2.12.0+incompatible h1:siIY8j2VJPZkov1pqDEp01RakC/ddLo4h76ylBgxJHU=
github.com/schollz/cowyo v2.12.0+incompatible/go.mod h1:GWZu8JLS6XrjXwiM9XAJJV3e6NaSDf+HUPfuYXzQLao=
github.com/schollz/cryptopasta v0.0.0-20170217152710-dcd61c7d42a1 h1:CAVM5ALs/TKIa2ri7WMqge+m5wz/ItuiU6CFUPjZTjA=
github.com/schollz/cryptopasta v0.0.0-20170217152710-dcd61c7d42a1/go.mod h1:sM7qObCXSAwGYckYHG4m0hP3PSCBcHmC7/w/kBwcwgM=
github.com/schollz/versionedtext v0.0.0-20180523061923-d8ce0957c254 h1:/EgihFrDLhb/x7NLm8cWB7QTquw5gatR+y/jv2gLWsY=
github.com/schollz/versionedtext v0.0.0-20180523061923-d8ce0957c254/go.mod h1:116sjYSGDGoVSTUCdO34dA1Yg1ZGbN2jk/aYThLfK60=
github.com/sergi/go-diff v1.0.0 h1:Kpca3qRNrduNnOQeazBd0ysaKrUJiIuISHxogkT9RPQ=
github.com/sergi/go-diff v1.0.0/go.mod h1:0CfEIISq7TuYL3j771MWULgwwjU+GofnZX9QAmXWZgo=
github.com/shurcooL/github_flavored_markdown v0.0.0-20181002035957-2122de532470 h1:qb9IthCFBmROJ6YBS31BEMeSYjOscSiG+EO+JVNTz64=
github.com/shurcooL/github_flavored_markdown v0.0.0-20181002035957-2122de532470/go.mod h1:2dOwnU2uBioM+SGy2aZoq1f/Sd1l9OkAeAUvjSyvgU0=
github.com/shurcooL/go v0.0.0-20190704215121-7189cc372560/go.mod h1:TDJrrUr11Vxrven61rcy3hJMUqaf/CLWYhHNPmT14Lk=
github.com/shurcooL/go-goon v0.0.0-20170922171312-37c2f522c041/go.mod h1:N5mDOmsrJOB+vfqUK+7DmDyjhSLIIBnXo9lvZJj3MWQ=
github.com/shurcooL/highlight_diff v0.0.0-20181222201841-111da2e7d480 h1:KaKXZldeYH73dpQL+Nr38j1r5BgpAYQjYvENOUpIZDQ=
github.com/shurcooL/highlight_diff v0.0.0-20181222201841-111da2e7d480/go.mod h1:ZpfEhSmds4ytuByIcDnOLkTHGUI6KNqRNPDLHDk+mUU=
github.com/shurcooL/highlight_go v0.0.0-20181215221002-9d8641ddf2e1 h1:a6a6gGfBoO2ty+yyHNd7M6gkp37EwE3GIoycUnLo1Oo=
github.com/shurcooL/highlight_go v0.0.0-20181215221002-9d8641ddf2e1/go.mod h1:UDKB5a1T23gOMUJrI+uSuH0VRDStOiUVSjBTRDVBVag=
github.com/shurcooL/octicon v0.0.0-20181222203144-9ff1a4cf27f4 h1:H0v7bJx9CDGHx402wE08Fk5AS2mWdTYK9JI5vyrx8jQ=
github.com/shurcooL/octicon v0.0.0-20181222203144-9ff1a4cf27f4/go.mod h1:eWdoE5JD4R5UVWDucdOPg1g2fqQRq78IQa9zlOV1vpQ=
github.com/shurcooL/octicon v0.0.0-20191102190552-cbb32d6a785c h1:p3w+lTqXulfa3aDeycxmcLJDNxyUB89gf2/XqqK3eO0=
github.com/shurcooL/octicon v0.0.0-20191102190552-cbb32d6a785c/go.mod h1:eWdoE5JD4R5UVWDucdOPg1g2fqQRq78IQa9zlOV1vpQ=
github.com/shurcooL/sanitized_anchor_name v1.0.0 h1:PdmoCO6wvbs+7yrJyMORt4/BmY5IYyJwS/kOiWx8mHo=
github.com/shurcooL/sanitized_anchor_name v1.0.0/go.mod h1:1NzhyTcUVG4SuEtjjoZeVRXNmyL/1OwPU0+IJeTBvfc=
github.com/sourcegraph/annotate v0.0.0-20160123013949-f4cad6c6324d h1:yKm7XZV6j9Ev6lojP2XaIshpT4ymkqhMeSghO5Ps00E=
github.com/sourcegraph/annotate v0.0.0-20160123013949-f4cad6c6324d/go.mod h1:UdhH50NIW0fCiwBSr0co2m7BnFLdv4fQTgdqdJTHFeE=
github.com/sourcegraph/syntaxhighlight v0.0.0-20170531221838-bd320f5d308e h1:qpG93cPwA5f7s/ZPBJnGOYQNK/vKsaDaseuKT5Asee8=
github.com/sourcegraph/syntaxhighlight v0.0.0-20170531221838-bd320f5d308e/go.mod h1:HuIsMU8RRBOtsCgI77wP899iHVBQpCmg4ErYMZB+2IA=
github.com/spf13/pflag v1.0.3/go.mod h1:DYY7MBk1bdzusC3SYhjObp+wFpr4gzcvqqNjLnInEg4=
github.com/stretchr/objx v0.1.0/go.mod h1:HFkY916IF+rwdDfMAkV7OtwuqBVzrE8GR6GFx+wExME=
github.com/stretchr/testify v1.3.0/go.mod h1:M5WIy9Dh21IEIfnGCwXGc5bZfKNJtfHm1UVUgZn+9EI=
github.com/ugorji/go v1.1.4/go.mod h1:uQMGLiO92mf5W77hV/PUCpI3pbzQx3CRekS0kk+RGrc=
github.com/ugorji/go v1.1.7 h1:/68gy2h+1mWMrwZFeD1kQialdSzAb432dtpeJ42ovdo=
github.com/ugorji/go v1.1.7/go.mod h1:kZn38zHttfInRq0xu/PH0az30d+z6vm202qpg1oXVMw=
github.com/ugorji/go/codec v1.1.7 h1:2SvQaVZ1ouYrrKKwoSk2pzd4A9evlKJb9oTL+OaLUSs=
github.com/ugorji/go/codec v1.1.7/go.mod h1:Ax+UKWsSmolVDwsd+7N3ZtXu+yMGCf907BLYF3GoBXY=
github.com/zieckey/goini v0.0.0-20180118150432-0da17d361d26 h1:E0lEWrifmR0ACbGf5PLji1XbW6rtIXLHCXO/YOqi0AE=
github.com/zieckey/goini v0.0.0-20180118150432-0da17d361d26/go.mod h1:TQpdgg7I9+PFIkatlx/dnZyZb4iZyCUx1HJj4rXi3+E=
github.com/zserge/lorca v0.1.8/go.mod h1:gTrVdXKyWxNhc8aUb1Uu3s0mY343arR1T6jUtxmBxR8=
github.com/zserge/webview v0.0.0-20180509070823-016c6ffd99f3/go.mod h1:a1CV8KR4Dd1eP2g+mEijGOp+HKczwdKHWyx0aPHKvo4=
github.com/zserge/webview v0.0.0-20190123072648-16c93bcaeaeb/go.mod h1:a1CV8KR4Dd1eP2g+mEijGOp+HKczwdKHWyx0aPHKvo4=
gitlab.com/golang-commonmark/html v0.0.0-20180917080848-cfaf75183c4a/go.mod h1:JT4uoTz0tfPoyVH88GZoWDNm5NHJI2VbUW+eyPClueI=
gitlab.com/golang-commonmark/linkify v0.0.0-20180917065525-c22b7bdb1179/go.mod h1:Gn+LZmCrhPECMD3SOKlE+BOHwhOYD9j7WT9NUtkCrC8=
gitlab.com/golang-commonmark/markdown v0.0.0-20181102083822-772775880e1f/go.mod h1:SIHlEr9462fpIfTrVWf3GqQDxnA65Vm3BMMsUtuA6W0=
gitlab.com/golang-commonmark/mdurl v0.0.0-20180912090424-e5bce34c34f2/go.mod h1:wQk4rLkWrdOPjUAtqJRJ10hIlseLSVYWP95PLrjDF9s=
gitlab.com/golang-commonmark/puny v0.0.0-20180912090636-2cd490539afe/go.mod h1:P9LSM1KVzrIstFgUaveuwiAm8PK5VTB3yJEU8kqlbrU=
golang.org/x/crypto v0.0.0-20190308221718-c2843e01d9a2 h1:VklqNMn3ovrHsnt90PveolxSbWFaJdECFbxSq0Mqo2M=
golang.org/x/crypto v0.0.0-20190308221718-c2843e01d9a2/go.mod h1:djNgcEr1/C05ACkg1iLfiJU5Ep61QUkGW8qpdssI0+w=
golang.org/x/crypto v0.0.0-20190701094942-4def268fd1a4/go.mod h1:yigFU9vqHzYiE8UmvKecakEJjdnWj3jj499lnFckfCI=
golang.org/x/crypto v0.0.0-20190829043050-9756ffdc2472 h1:Gv7RPwsi3eZ2Fgewe3CBsuOebPwO27PoXzRpJPsvSSM=
golang.org/x/crypto v0.0.0-20190829043050-9756ffdc2472/go.mod h1:yigFU9vqHzYiE8UmvKecakEJjdnWj3jj499lnFckfCI=
golang.org/x/crypto v0.0.0-20191105034135-c7e5f84aec59 h1:PyXRxSVbvzDGuqYXjHndV7xDzJ7w2K8KD9Ef8GB7KOE=
golang.org/x/crypto v0.0.0-20191105034135-c7e5f84aec59/go.mod h1:LzIPMQfyMNhhGPhUkYOs5KpL4U8rLKemX1yGLhDgUto=
golang.org/x/net v0.0.0-20181102091132-c10e9556a7bc/go.mod h1:mL1N/T3taQHkDXs73rZJwtUhF3w3ftmwwsq0BUmARs4=
golang.org/x/net v0.0.0-20181220203305-927f97764cc3/go.mod h1:mL1N/T3taQHkDXs73rZJwtUhF3w3ftmwwsq0BUmARs4=
golang.org/x/net v0.0.0-20190404232315-eb5bcb51f2a3/go.mod h1:t9HGtf8HONx5eT2rtn7q6eTqICYqUVnKs3thJo3Qplg=
golang.org/x/net v0.0.0-20190503192946-f4e77d36d62c/go.mod h1:t9HGtf8HONx5eT2rtn7q6eTqICYqUVnKs3thJo3Qplg=
golang.org/x/net v0.0.0-20190620200207-3b0461eec859/go.mod h1:z5CRVTTTmAJ677TzLLGU+0bjPO0LkuOLi4/5GtJWs/s=
golang.org/x/net v0.0.0-20190628185345-da137c7871d7/go.mod h1:z5CRVTTTmAJ677TzLLGU+0bjPO0LkuOLi4/5GtJWs/s=
golang.org/x/net v0.0.0-20190813141303-74dc4d7220e7/go.mod h1:z5CRVTTTmAJ677TzLLGU+0bjPO0LkuOLi4/5GtJWs/s=
golang.org/x/net v0.0.0-20190827160401-ba9fcec4b297 h1:k7pJ2yAPLPgbskkFdhRCsA77k2fySZ1zf2zCjvQCiIM=
golang.org/x/net v0.0.0-20190827160401-ba9fcec4b297/go.mod h1:z5CRVTTTmAJ677TzLLGU+0bjPO0LkuOLi4/5GtJWs/s=
golang.org/x/net v0.0.0-20191105084925-a882066a44e0 h1:QPlSTtPE2k6PZPasQUbzuK3p9JbS+vMXYVto8g/yrsg=
golang.org/x/net v0.0.0-20191105084925-a882066a44e0/go.mod h1:z5CRVTTTmAJ677TzLLGU+0bjPO0LkuOLi4/5GtJWs/s=
golang.org/x/sync v0.0.0-20190423024810-112230192c58/go.mod h1:RxMgew5VJxzue5/jJTE5uejpjVlOe/izrB70Jof72aM=
golang.org/x/sys v0.0.0-20190215142949-d0b11bdaac8a/go.mod h1:STP8DvDyc/dI5b8T5hshtkjS+E42TnysNCUPdjciGhY=
golang.org/x/sys v0.0.0-20190222072716-a9d3bda3a223/go.mod h1:STP8DvDyc/dI5b8T5hshtkjS+E42TnysNCUPdjciGhY=
golang.org/x/sys v0.0.0-20190412213103-97732733099d/go.mod h1:h1NjWce9XRLGQEsW7wpKNCjG9DtNlClVuFLEZdDNbEs=
golang.org/x/sys v0.0.0-20190626221950-04f50cda93cb/go.mod h1:h1NjWce9XRLGQEsW7wpKNCjG9DtNlClVuFLEZdDNbEs=
golang.org/x/sys v0.0.0-20190813064441-fde4db37ae7a/go.mod h1:h1NjWce9XRLGQEsW7wpKNCjG9DtNlClVuFLEZdDNbEs=
golang.org/x/sys v0.0.0-20190830142957-1e83adbbebd0 h1:7z820YPX9pxWR59qM7BE5+fglp4D/mKqAwCvGt11b+8=
golang.org/x/sys v0.0.0-20190830142957-1e83adbbebd0/go.mod h1:h1NjWce9XRLGQEsW7wpKNCjG9DtNlClVuFLEZdDNbEs=
golang.org/x/sys v0.0.0-20191008105621-543471e840be/go.mod h1:h1NjWce9XRLGQEsW7wpKNCjG9DtNlClVuFLEZdDNbEs=
golang.org/x/sys v0.0.0-20191105231009-c1f44814a5cd h1:3x5uuvBgE6oaXJjCOvpCC1IpgJogqQ+PqGGU3ZxAgII=
golang.org/x/sys v0.0.0-20191105231009-c1f44814a5cd/go.mod h1:h1NjWce9XRLGQEsW7wpKNCjG9DtNlClVuFLEZdDNbEs=
golang.org/x/text v0.3.0/go.mod h1:NqM8EUOU14njkJ3fqMW+pc6Ldnwhi/IjpwHt7yyuwOQ=
golang.org/x/text v0.3.2/go.mod h1:bEr9sfX3Q8Zfm5fL9x+3itogRgK3+ptLWKqgva+5dAk=
golang.org/x/time v0.0.0-20190308202827-9d24e82272b4/go.mod h1:tRJNPiyCQ0inRvYxbN9jk5I+vvW/OXSQhTDSoE431IQ=
golang.org/x/tools v0.0.0-20180917221912-90fa682c2a6e/go.mod h1:n7NCudcB/nEzxVGmLbDWY5pfWTLqBcC2KZ6jyYvM4mQ=
golang.org/x/tools v0.0.0-20190814214036-f60b6e7d83f4/go.mod h1:b+2E5dAYhXwXZwtnZ6UAqBI28+e2cm9otk0dWdXHAEo=
golang.org/x/tools v0.0.0-20190830223141-573d9926052a/go.mod h1:b+2E5dAYhXwXZwtnZ6UAqBI28+e2cm9otk0dWdXHAEo=
golang.org/x/xerrors v0.0.0-20190717185122-a985d3407aa7/go.mod h1:I/5z698sn9Ka8TeJc9MKroUUfqBBauWjQqLJ2OPfmY0=
gopkg.in/check.v1 v0.0.0-20161208181325-20d25e280405/go.mod h1:Co6ibVJAznAaIkqp8huTwlJQCZ016jof/cbN4VW5Yz0=
gopkg.in/check.v1 v1.0.0-20180628173108-788fd7840127/go.mod h1:Co6ibVJAznAaIkqp8huTwlJQCZ016jof/cbN4VW5Yz0=
gopkg.in/go-playground/assert.v1 v1.2.1/go.mod h1:9RXL0bg/zibRAgZUYszZSwO/z8Y/a8bDuhia5mkpMnE=
gopkg.in/go-playground/validator.v8 v8.18.2 h1:lFB4DoMU6B626w8ny76MV7VX6W2VHct2GVOI3xgiMrQ=
gopkg.in/go-playground/validator.v8 v8.18.2/go.mod h1:RX2a/7Ha8BgOhfk7j780h4/u/RRjR0eouCJSH80/M2Y=
gopkg.in/urfave/cli.v1 v1.20.0/go.mod h1:vuBzUtMdQeixQj8LVd+/98pzhxNGQoyuPBlsXHOQNO0=
gopkg.in/yaml.v2 v2.2.2 h1:ZCJp+EgiOT7lHqUV2J862kp8Qj64Jo6az82+3Td9dZw=
gopkg.in/yaml.v2 v2.2.2/go.mod h1:hI93XBmqTisBFMUTm0b8Fm+jr3Dg1NNxqwp+5A1VGuI=
gopkg.in/yaml.v2 v2.2.5 h1:ymVxjfMaHvXD8RqPRmzHHsB3VvucivSkIAvJFDI5O3c=
gopkg.in/yaml.v2 v2.2.5/go.mod h1:hI93XBmqTisBFMUTm0b8Fm+jr3Dg1NNxqwp+5A1VGuI=
